
Microsoft Visual Studio Solution File, Format Version 12.00
# Visual Studio Version 17
VisualStudioVersion = 17.10.35027.167
MinimumVisualStudioVersion = 10.0.40219.1
Project("{FAE04EC0-301F-11D3-BF4B-00C04F79EFBC}") = "Ejercicio23", "Ejercicio23\Ejercicio23.csproj", "{5BC649DF-431B-48A9-B4D5-AAF5174BED79}"
EndProject
Global
	GlobalSection(SolutionConfigurationPlatforms) = preSolution
		Debug|Any CPU = Debug|Any CPU
		Release|Any CPU = Release|Any CPU
	EndGlobalSection
	GlobalSection(ProjectConfigurationPlatforms) = postSolution
		{5BC649DF-431B-48A9-B4D5-AAF5174BED79}.Debug|Any CPU.ActiveCfg = Debug|Any CPU
		{5BC649DF-431B-48A9-B4D5-AAF5174BED79}.Debug|Any CPU.Build.0 = Debug|Any CPU
		{5BC649DF-431B-48A9-B4D5-AAF5174BED79}.Release|Any CPU.ActiveCfg = Release|Any CPU
		{5BC649DF-431B-48A9-B4D5-AAF5174BED79}.Release|Any CPU.Build.0 = Release|Any CPU
	EndGlobalSection
	GlobalSection(SolutionProperties) = preSolution
		HideSolutionNode = FALSE
	EndGlobalSection
	GlobalSection(ExtensibilityGlobals) = postSolution
		SolutionGuid = {3BED1D13-E171-415A-8DE8-11A2782B95B3}
	EndGlobalSection
EndGlobal
